
Microsoft Visual Studio Solution File, Format Version 12.00
# Visual Studio Version 17
VisualStudioVersion = 17.5.002.0
MinimumVisualStudioVersion = 10.0.40219.1
Project("{9A19103F-16F7-4668-BE54-9A1E7A4F7556}") = "KoiFishCare", "KoiFishCare\KoiFishCare.csproj", "{AB5F503F-76A0-4854-9F79-32195C66BF41}"
EndProject
Global
	GlobalSection(SolutionConfigurationPlatforms) = preSolution
		Debug|Any CPU = Debug|Any CPU
		Release|Any CPU = Release|Any CPU
	EndGlobalSection
	GlobalSection(ProjectConfigurationPlatforms) = postSolution
		{AB5F503F-76A0-4854-9F79-32195C66BF41}.Debug|Any CPU.ActiveCfg = Debug|Any CPU
		{AB5F503F-76A0-4854-9F79-32195C66BF41}.Debug|Any CPU.Build.0 = Debug|Any CPU
		{AB5F503F-76A0-4854-9F79-32195C66BF41}.Release|Any CPU.ActiveCfg = Release|Any CPU
		{AB5F503F-76A0-4854-9F79-32195C66BF41}.Release|Any CPU.Build.0 = Release|Any CPU
	EndGlobalSection
	GlobalSection(SolutionProperties) = preSolution
		HideSolutionNode = FALSE
	EndGlobalSection
	GlobalSection(ExtensibilityGlobals) = postSolution
		SolutionGuid = {E2EF2019-25B8-432A-A601-4E69229B0DB6}
	EndGlobalSection
EndGlobal
